{
  "name": "test-hono-app",
  "lockfileVersion": 3,
  "requires": true,
  "packages": {
    "": {
      "name": "test-hono-app",
      "dependencies": {
        "@hono/node-server": "^1.13.1",
        "hono": "^4.6.3"
      },
      "devDependencies": {
        "@types/node": "^20.11.17",
        "typescript": "^5.5.4"
      }
    },
    "node_modules/@hono/node-server": {
      "version": "1.13.1",
      "resolved": "https://registry.npmjs.org/@hono/node-server/-/node-server-1.13.1.tgz",
      "integrity": "sha512-TSxE6cT5RHnawbjnveexVN7H2Dpn1YaLxQrCOLCUwD+hFbqbFsnJBgdWcYtASqtWVjA+Qgi8uqFug39GsHjo5A==",
      "engines": {
        "node": ">=18.14.1"
      },
      "peerDependencies": {
        "hono": "^4"
      }
    },
    "node_modules/@types/node": {
      "version": "20.16.6",
      "resolved": "https://registry.npmjs.org/@types/node/-/node-20.16.6.tgz",
      "integrity": "sha512-T7PpxM/6yeDE+AdlVysT62BX6/bECZOmQAgiFg5NoBd5MQheZ3tzal7f1wvzfiEcmrcJNRi2zRr2nY2zF+0uqw==",
      "dev": true,
      "dependencies": {
        "undici-types": "~6.19.2"
      }
    },
    "node_modules/hono": {
      "version": "4.6.3",
      "resolved": "https://registry.npmjs.org/hono/-/hono-4.6.3.tgz",
      "integrity": "sha512-0LeEuBNFeSHGqZ9sNVVgZjB1V5fmhkBSB0hZrpqStSMLOWgfLy0dHOvrjbJh0H2khsjet6rbHfWTHY0kpYThKQ==",
      "engines": {
        "node": ">=16.9.0"
      }
    },
    "node_modules/typescript": {
      "version": "5.6.2",
      "resolved": "https://registry.npmjs.org/typescript/-/typescript-5.6.2.tgz",
      "integrity": "sha512-NW8ByodCSNCwZeghjN3o+JX5OFH0Ojg6sadjEKY4huZ52TqbJTJnDo5+Tw98lSy63NZvi4n+ez5m2u5d4PkZyw==",
      "dev": true,
      "bin": {
        "tsc": "bin/tsc",
        "tsserver": "bin/tsserver"
      },
      "engines": {
        "node": ">=14.17"
      }
    },
    "node_modules/undici-types": {
      "version": "6.19.8",
      "resolved": "https://registry.npmjs.org/undici-types/-/undici-types-6.19.8.tgz",
      "integrity": "sha512-ve2KP6f/JnbPBFyobGHuerC9g1FYGn/F8n1LWTwNxCEzd6IfqTwUQcNXgEtmmQ6DlRrC1hrSrBnCZPokRrDHjw==",
      "dev": true
    }
  }
}
